{
  "name": "abstract_suit_phir",
  "version": "1.0.0",
  "lockfileVersion": 3,
  "requires": true,
  "packages": {
    "": {
      "name": "abstract_suit_phir",
      "version": "1.0.0",
      "license": "ISC",
      "dependencies": {
        "@ckeditor/ckeditor5-enter": "^41.4.1",
        "@toast-ui/calendar": "^2.1.3",
        "tui-calendar": "^1.15.3",
        "tui-date-picker": "^4.3.3",
        "tui-time-picker": "^2.1.6"
      }
    },
    "node_modules/@ckeditor/ckeditor5-core": {
      "version": "41.4.1",
      "resolved": "https://registry.npmjs.org/@ckeditor/ckeditor5-core/-/ckeditor5-core-41.4.1.tgz",
      "integrity": "sha512-1tL6Wpm7ZaxfJ/tl/OEtkchFqU817IvDfcnOZCASto4FwNghAK6owJRvrK/PTZFxlVvuapJetREUWIAXcc65Bg==",
      "dependencies": {
        "@ckeditor/ckeditor5-engine": "41.4.1",
        "@ckeditor/ckeditor5-utils": "41.4.1",
        "lodash-es": "4.17.21"
      }
    },
    "node_modules/@ckeditor/ckeditor5-engine": {
      "version": "41.4.1",
      "resolved": "https://registry.npmjs.org/@ckeditor/ckeditor5-engine/-/ckeditor5-engine-41.4.1.tgz",
      "integrity": "sha512-uIBU7NVhpXI1+xnFu75ADenMhj0U0AfCpuC/wT9iV3588amqhB3+ycYNCKf9HWPX8jy9p8lwS30Q3mR+RAlIuw==",
      "dependencies": {
        "@ckeditor/ckeditor5-utils": "41.4.1",
        "lodash-es": "4.17.21"
      }
    },
    "node_modules/@ckeditor/ckeditor5-enter": {
      "version": "41.4.1",
      "resolved": "https://registry.npmjs.org/@ckeditor/ckeditor5-enter/-/ckeditor5-enter-41.4.1.tgz",
      "integrity": "sha512-USeAB9NYehgugfSyrVPX0h+CfY3J5tPlrdvVPTRo91+wDIx5Eduyh7k1ILVZ/BJ7swzbiKaNJFXnWERPPoW7LA==",
      "dependencies": {
        "@ckeditor/ckeditor5-core": "41.4.1",
        "@ckeditor/ckeditor5-engine": "41.4.1",
        "@ckeditor/ckeditor5-utils": "41.4.1"
      }
    },
    "node_modules/@ckeditor/ckeditor5-utils": {
      "version": "41.4.1",
      "resolved": "https://registry.npmjs.org/@ckeditor/ckeditor5-utils/-/ckeditor5-utils-41.4.1.tgz",
      "integrity": "sha512-g8M2802mQM4BV+5NLA1VlC4sRkLottV+SQoVwIHFydw3zGACo7UxO8i1QQBOcqBTvwYNGg9BOPoInpbDXuuJIg==",
      "dependencies": {
        "lodash-es": "4.17.21"
      }
    },
    "node_modules/@toast-ui/calendar": {
      "version": "2.1.3",
      "license": "MIT",
      "dependencies": {
        "immer": "^9.0.15",
        "isomorphic-dompurify": "^0.20.0",
        "preact": "^10.10.0",
        "preact-render-to-string": "^5.2.1",
        "tui-date-picker": "^4.0.1",
        "tui-time-picker": "^2.0.1"
      }
    },
    "node_modules/@tootallnate/once": {
      "version": "2.0.0",
      "license": "MIT",
      "engines": {
        "node": ">= 10"
      }
    },
    "node_modules/@types/dompurify": {
      "version": "2.4.0",
      "license": "MIT",
      "dependencies": {
        "@types/trusted-types": "*"
      }
    },
    "node_modules/@types/trusted-types": {
      "version": "2.0.4",
      "license": "MIT"
    },
    "node_modules/abab": {
      "version": "2.0.6",
      "license": "BSD-3-Clause"
    },
    "node_modules/acorn": {
      "version": "8.10.0",
      "license": "MIT",
      "bin": {
        "acorn": "bin/acorn"
      },
      "engines": {
        "node": ">=0.4.0"
      }
    },
    "node_modules/acorn-globals": {
      "version": "7.0.1",
      "license": "MIT",
      "dependencies": {
        "acorn": "^8.1.0",
        "acorn-walk": "^8.0.2"
      }
    },
    "node_modules/acorn-walk": {
      "version": "8.2.0",
      "license": "MIT",
      "engines": {
        "node": ">=0.4.0"
      }
    },
    "node_modules/agent-base": {
      "version": "6.0.2",
      "license": "MIT",
      "dependencies": {
        "debug": "4"
      },
      "engines": {
        "node": ">= 6.0.0"
      }
    },
    "node_modules/asynckit": {
      "version": "0.4.0",
      "license": "MIT"
    },
    "node_modules/combined-stream": {
      "version": "1.0.8",
      "license": "MIT",
      "dependencies": {
        "delayed-stream": "~1.0.0"
      },
      "engines": {
        "node": ">= 0.8"
      }
    },
    "node_modules/cssom": {
      "version": "0.5.0",
      "license": "MIT"
    },
    "node_modules/cssstyle": {
      "version": "2.3.0",
      "license": "MIT",
      "dependencies": {
        "cssom": "~0.3.6"
      },
      "engines": {
        "node": ">=8"
      }
    },
    "node_modules/cssstyle/node_modules/cssom": {
      "version": "0.3.8",
      "license": "MIT"
    },
    "node_modules/data-urls": {
      "version": "3.0.2",
      "license": "MIT",
      "dependencies": {
        "abab": "^2.0.6",
        "whatwg-mimetype": "^3.0.0",
        "whatwg-url": "^11.0.0"
      },
      "engines": {
        "node": ">=12"
      }
    },
    "node_modules/debug": {
      "version": "4.3.4",
      "license": "MIT",
      "dependencies": {
        "ms": "2.1.2"
      },
      "engines": {
        "node": ">=6.0"
      },
      "peerDependenciesMeta": {
        "supports-color": {
          "optional": true
        }
      }
    },
    "node_modules/decimal.js": {
      "version": "10.4.3",
      "license": "MIT"
    },
    "node_modules/delayed-stream": {
      "version": "1.0.0",
      "license": "MIT",
      "engines": {
        "node": ">=0.4.0"
      }
    },
    "node_modules/domexception": {
      "version": "4.0.0",
      "license": "MIT",
      "dependencies": {
        "webidl-conversions": "^7.0.0"
      },
      "engines": {
        "node": ">=12"
      }
    },
    "node_modules/dompurify": {
      "version": "2.4.7",
      "license": "(MPL-2.0 OR Apache-2.0)"
    },
    "node_modules/entities": {
      "version": "4.5.0",
      "license": "BSD-2-Clause",
      "engines": {
        "node": ">=0.12"
      },
      "funding": {
        "url": "https://github.com/fb55/entities?sponsor=1"
      }
    },
    "node_modules/escodegen": {
      "version": "2.1.0",
      "license": "BSD-2-Clause",
      "dependencies": {
        "esprima": "^4.0.1",
        "estraverse": "^5.2.0",
        "esutils": "^2.0.2"
      },
      "bin": {
        "escodegen": "bin/escodegen.js",
        "esgenerate": "bin/esgenerate.js"
      },
      "engines": {
        "node": ">=6.0"
      },
      "optionalDependencies": {
        "source-map": "~0.6.1"
      }
    },
    "node_modules/esprima": {
      "version": "4.0.1",
      "license": "BSD-2-Clause",
      "bin": {
        "esparse": "bin/esparse.js",
        "esvalidate": "bin/esvalidate.js"
      },
      "engines": {
        "node": ">=4"
      }
    },
    "node_modules/estraverse": {
      "version": "5.3.0",
      "license": "BSD-2-Clause",
      "engines": {
        "node": ">=4.0"
      }
    },
    "node_modules/esutils": {
      "version": "2.0.3",
      "license": "BSD-2-Clause",
      "engines": {
        "node": ">=0.10.0"
      }
    },
    "node_modules/form-data": {
      "version": "4.0.0",
      "license": "MIT",
      "dependencies": {
        "asynckit": "^0.4.0",
        "combined-stream": "^1.0.8",
        "mime-types": "^2.1.12"
      },
      "engines": {
        "node": ">= 6"
      }
    },
    "node_modules/html-encoding-sniffer": {
      "version": "3.0.0",
      "license": "MIT",
      "dependencies": {
        "whatwg-encoding": "^2.0.0"
      },
      "engines": {
        "node": ">=12"
      }
    },
    "node_modules/http-proxy-agent": {
      "version": "5.0.0",
      "license": "MIT",
      "dependencies": {
        "@tootallnate/once": "2",
        "agent-base": "6",
        "debug": "4"
      },
      "engines": {
        "node": ">= 6"
      }
    },
    "node_modules/https-proxy-agent": {
      "version": "5.0.1",
      "license": "MIT",
      "dependencies": {
        "agent-base": "6",
        "debug": "4"
      },
      "engines": {
        "node": ">= 6"
      }
    },
    "node_modules/iconv-lite": {
      "version": "0.6.3",
      "license": "MIT",
      "dependencies": {
        "safer-buffer": ">= 2.1.2 < 3.0.0"
      },
      "engines": {
        "node": ">=0.10.0"
      }
    },
    "node_modules/immer": {
      "version": "9.0.21",
      "license": "MIT",
      "funding": {
        "type": "opencollective",
        "url": "https://opencollective.com/immer"
      }
    },
    "node_modules/is-potential-custom-element-name": {
      "version": "1.0.1",
      "license": "MIT"
    },
    "node_modules/isomorphic-dompurify": {
      "version": "0.20.0",
      "license": "MIT",
      "dependencies": {
        "@types/dompurify": "^2.3.3",
        "dompurify": "^2.3.8",
        "jsdom": "^20.0.0"
      }
    },
    "node_modules/jsdom": {
      "version": "20.0.3",
      "license": "MIT",
      "dependencies": {
        "abab": "^2.0.6",
        "acorn": "^8.8.1",
        "acorn-globals": "^7.0.0",
        "cssom": "^0.5.0",
        "cssstyle": "^2.3.0",
        "data-urls": "^3.0.2",
        "decimal.js": "^10.4.2",
        "domexception": "^4.0.0",
        "escodegen": "^2.0.0",
        "form-data": "^4.0.0",
        "html-encoding-sniffer": "^3.0.0",
        "http-proxy-agent": "^5.0.0",
        "https-proxy-agent": "^5.0.1",
        "is-potential-custom-element-name": "^1.0.1",
        "nwsapi": "^2.2.2",
        "parse5": "^7.1.1",
        "saxes": "^6.0.0",
        "symbol-tree": "^3.2.4",
        "tough-cookie": "^4.1.2",
        "w3c-xmlserializer": "^4.0.0",
        "webidl-conversions": "^7.0.0",
        "whatwg-encoding": "^2.0.0",
        "whatwg-mimetype": "^3.0.0",
        "whatwg-url": "^11.0.0",
        "ws": "^8.11.0",
        "xml-name-validator": "^4.0.0"
      },
      "engines": {
        "node": ">=14"
      },
      "peerDependencies": {
        "canvas": "^2.5.0"
      },
      "peerDependenciesMeta": {
        "canvas": {
          "optional": true
        }
      }
    },
    "node_modules/lodash-es": {
      "version": "4.17.21",
      "resolved": "https://registry.npmjs.org/lodash-es/-/lodash-es-4.17.21.tgz",
      "integrity": "sha512-mKnC+QJ9pWVzv+C4/U3rRsHapFfHvQFoFB92e52xeyGMcX6/OlIl78je1u8vePzYZSkkogMPJ2yjxxsb89cxyw=="
    },
    "node_modules/mime-db": {
      "version": "1.52.0",
      "license": "MIT",
      "engines": {
        "node": ">= 0.6"
      }
    },
    "node_modules/mime-types": {
      "version": "2.1.35",
      "license": "MIT",
      "dependencies": {
        "mime-db": "1.52.0"
      },
      "engines": {
        "node": ">= 0.6"
      }
    },
    "node_modules/ms": {
      "version": "2.1.2",
      "license": "MIT"
    },
    "node_modules/nwsapi": {
      "version": "2.2.7",
      "license": "MIT"
    },
    "node_modules/parse5": {
      "version": "7.1.2",
      "license": "MIT",
      "dependencies": {
        "entities": "^4.4.0"
      },
      "funding": {
        "url": "https://github.com/inikulin/parse5?sponsor=1"
      }
    },
    "node_modules/preact": {
      "version": "10.18.1",
      "license": "MIT",
      "funding": {
        "type": "opencollective",
        "url": "https://opencollective.com/preact"
      }
    },
    "node_modules/preact-render-to-string": {
      "version": "5.2.6",
      "license": "MIT",
      "dependencies": {
        "pretty-format": "^3.8.0"
      },
      "peerDependencies": {
        "preact": ">=10"
      }
    },
    "node_modules/pretty-format": {
      "version": "3.8.0",
      "license": "MIT"
    },
    "node_modules/psl": {
      "version": "1.9.0",
      "license": "MIT"
    },
    "node_modules/punycode": {
      "version": "2.3.0",
      "license": "MIT",
      "engines": {
        "node": ">=6"
      }
    },
    "node_modules/querystringify": {
      "version": "2.2.0",
      "license": "MIT"
    },
    "node_modules/requires-port": {
      "version": "1.0.0",
      "license": "MIT"
    },
    "node_modules/safer-buffer": {
      "version": "2.1.2",
      "license": "MIT"
    },
    "node_modules/saxes": {
      "version": "6.0.0",
      "license": "ISC",
      "dependencies": {
        "xmlchars": "^2.2.0"
      },
      "engines": {
        "node": ">=v12.22.7"
      }
    },
    "node_modules/source-map": {
      "version": "0.6.1",
      "license": "BSD-3-Clause",
      "optional": true,
      "engines": {
        "node": ">=0.10.0"
      }
    },
    "node_modules/symbol-tree": {
      "version": "3.2.4",
      "license": "MIT"
    },
    "node_modules/tough-cookie": {
      "version": "4.1.3",
      "license": "BSD-3-Clause",
      "dependencies": {
        "psl": "^1.1.33",
        "punycode": "^2.1.1",
        "universalify": "^0.2.0",
        "url-parse": "^1.5.3"
      },
      "engines": {
        "node": ">=6"
      }
    },
    "node_modules/tr46": {
      "version": "3.0.0",
      "license": "MIT",
      "dependencies": {
        "punycode": "^2.1.1"
      },
      "engines": {
        "node": ">=12"
      }
    },
    "node_modules/tui-calendar": {
      "version": "1.15.3",
      "license": "MIT",
      "dependencies": {
        "dompurify": "^2.3.1",
        "tui-code-snippet": "^1.5.0",
        "tui-date-picker": "^4.3.0",
        "tui-time-picker": "^2.1.4"
      }
    },
    "node_modules/tui-code-snippet": {
      "version": "1.5.2",
      "license": "MIT"
    },
    "node_modules/tui-date-picker": {
      "version": "4.3.3",
      "license": "MIT",
      "dependencies": {
        "tui-time-picker": "^2.1.6"
      }
    },
    "node_modules/tui-time-picker": {
      "version": "2.1.6",
      "license": "MIT"
    },
    "node_modules/universalify": {
      "version": "0.2.0",
      "license": "MIT",
      "engines": {
        "node": ">= 4.0.0"
      }
    },
    "node_modules/url-parse": {
      "version": "1.5.10",
      "license": "MIT",
      "dependencies": {
        "querystringify": "^2.1.1",
        "requires-port": "^1.0.0"
      }
    },
    "node_modules/w3c-xmlserializer": {
      "version": "4.0.0",
      "license": "MIT",
      "dependencies": {
        "xml-name-validator": "^4.0.0"
      },
      "engines": {
        "node": ">=14"
      }
    },
    "node_modules/webidl-conversions": {
      "version": "7.0.0",
      "license": "BSD-2-Clause",
      "engines": {
        "node": ">=12"
      }
    },
    "node_modules/whatwg-encoding": {
      "version": "2.0.0",
      "license": "MIT",
      "dependencies": {
        "iconv-lite": "0.6.3"
      },
      "engines": {
        "node": ">=12"
      }
    },
    "node_modules/whatwg-mimetype": {
      "version": "3.0.0",
      "license": "MIT",
      "engines": {
        "node": ">=12"
      }
    },
    "node_modules/whatwg-url": {
      "version": "11.0.0",
      "license": "MIT",
      "dependencies": {
        "tr46": "^3.0.0",
        "webidl-conversions": "^7.0.0"
      },
      "engines": {
        "node": ">=12"
      }
    },
    "node_modules/ws": {
      "version": "8.14.2",
      "license": "MIT",
      "engines": {
        "node": ">=10.0.0"
      },
      "peerDependencies": {
        "bufferutil": "^4.0.1",
        "utf-8-validate": ">=5.0.2"
      },
      "peerDependenciesMeta": {
        "bufferutil": {
          "optional": true
        },
        "utf-8-validate": {
          "optional": true
        }
      }
    },
    "node_modules/xml-name-validator": {
      "version": "4.0.0",
      "license": "Apache-2.0",
      "engines": {
        "node": ">=12"
      }
    },
    "node_modules/xmlchars": {
      "version": "2.2.0",
      "license": "MIT"
    }
  }
}
